// !$*UTF8*$!
{
	archiveVersion = 1;
	classes = {
	};
	objectVersion = 77;
	objects = {

/* Begin PBXBuildFile section */
		0290ACFF4BF88A0251858669 /* Shape.swift in Sources */ = {isa = PBXBuildFile; fileRef = 145AC20EFDC9113A8A3BB3C6 /* Shape.swift */; };
		05C3104444EC6585CDB683ED /* Connect4Service.swift in Sources */ = {isa = PBXBuildFile; fileRef = C2C1BD85247F59583849A230 /* Connect4Service.swift */; };
		103498E36AC529041F091068 /* Supabase in Frameworks */ = {isa = PBXBuildFile; productRef = A386C8400F2FB48B7FC92991 /* Supabase */; };
		104AC698D76E8B6ADDEEC008 /* AnimalMatchViewModel.swift in Sources */ = {isa = PBXBuildFile; fileRef = 149254C6FB6B52D5B5F6E33C /* AnimalMatchViewModel.swift */; };
		18F2E2F5716A4F892FAD1A2F /* FarmMatchView.swift in Sources */ = {isa = PBXBuildFile; fileRef = CC99E64799DC903B47D84A95 /* FarmMatchView.swift */; };
		1A047714564865EAFB53701D /* CheckersBoardView.swift in Sources */ = {isa = PBXBuildFile; fileRef = E4304DEA1038DE01AB5A0CFD /* CheckersBoardView.swift */; };
		1C1172357D3943E27CE25B57 /* TicTacToeLobbyView.swift in Sources */ = {isa = PBXBuildFile; fileRef = FF042E1B6DF89911FBDD509E /* TicTacToeLobbyView.swift */; };
		2106E4FE5E8E0C7768B63224 /* Checkers.swift in Sources */ = {isa = PBXBuildFile; fileRef = 0BCFDEAE21376D89ABAF59A7 /* Checkers.swift */; };
		23896DDF1A5959C226F196FD /* TicTacToeViewModel.swift in Sources */ = {isa = PBXBuildFile; fileRef = 4CE493ADEAEEFD0272439CB0 /* TicTacToeViewModel.swift */; };
		2B932206016FE586993F2157 /* LoginView.swift in Sources */ = {isa = PBXBuildFile; fileRef = E1FFDECBA2F2C1DFB992AADF /* LoginView.swift */; };
		324DBBD422A15ABF37299177 /* RootView.swift in Sources */ = {isa = PBXBuildFile; fileRef = FF878FDC837F2029B0466582 /* RootView.swift */; };
		347AE535831517C53FA5E326 /* CheckersComputerView.swift in Sources */ = {isa = PBXBuildFile; fileRef = 9579FC2C9B861764BFD1770D /* CheckersComputerView.swift */; };
		3668C34D490ACFFE8CC60B5D /* AuthService.swift in Sources */ = {isa = PBXBuildFile; fileRef = 666B0A46E8A10D034D96F4CF /* AuthService.swift */; };
		3E504E33E17A230C646B673B /* HubView.swift in Sources */ = {isa = PBXBuildFile; fileRef = 173ECAB58CF8119DF51B308C /* HubView.swift */; };
		476C80AF8366912D8D365571 /* FindAnimalView.swift in Sources */ = {isa = PBXBuildFile; fileRef = 972003B35F04929545BFF153 /* FindAnimalView.swift */; };
		498561571A6FEEDFE7BE9B42 /* Config.swift in Sources */ = {isa = PBXBuildFile; fileRef = D5BFA7E628E745E269FD7F34 /* Config.swift */; };
		4A3F0CBAC0DDF8D41486931E /* Connect4LobbyViewModel.swift in Sources */ = {isa = PBXBuildFile; fileRef = 3F5824F390D78D69CBC1E21F /* Connect4LobbyViewModel.swift */; };
		4D6028E57165554AC1107444 /* TicTacToeService.swift in Sources */ = {isa = PBXBuildFile; fileRef = 40CEA4B6ECDA15F3FCF7B11F /* TicTacToeService.swift */; };
		512EC7F1D57352EEB773186A /* ShapeSorterView.swift in Sources */ = {isa = PBXBuildFile; fileRef = 49DD527BCE738063BAB0A943 /* ShapeSorterView.swift */; };
		59299BA21D0D704F49BE32CB /* TicTacToeGameView.swift in Sources */ = {isa = PBXBuildFile; fileRef = E58A8115C9E9EDF9CEC9AFAB /* TicTacToeGameView.swift */; };
		6ABCBD7CD1F638DC68C608DA /* CheckersLobbyViewModel.swift in Sources */ = {isa = PBXBuildFile; fileRef = D49A400D4A957C63881BB108 /* CheckersLobbyViewModel.swift */; };
		6C4A64C47909AB78205F9B37 /* Connect4ComputerView.swift in Sources */ = {isa = PBXBuildFile; fileRef = 975B1E3267FF0C8DE60547F6 /* Connect4ComputerView.swift */; };
		708194FD75AA0687078CB1F7 /* CheckersComputerViewModel.swift in Sources */ = {isa = PBXBuildFile; fileRef = 8BBB28FD7AB780FAC46D921B /* CheckersComputerViewModel.swift */; };
		741577629B93C068C1BB9CEA /* Connect4ComputerViewModel.swift in Sources */ = {isa = PBXBuildFile; fileRef = 4A8E49938F1B21892833A02F /* Connect4ComputerViewModel.swift */; };
		7CBE602A5975B47B84530F6B /* Connect4LobbyView.swift in Sources */ = {isa = PBXBuildFile; fileRef = B95DC1A3E0A5776B142CA1CB /* Connect4LobbyView.swift */; };
		8207F1D604DE7B0B8E7B876C /* AnimalMatchGameView.swift in Sources */ = {isa = PBXBuildFile; fileRef = 129DDFF499BD60893C8AAEAA /* AnimalMatchGameView.swift */; };
		867619FF51A935F8D1FE91BB /* Connect4MultiplayerView.swift in Sources */ = {isa = PBXBuildFile; fileRef = 839324AABB340C15F90E6815 /* Connect4MultiplayerView.swift */; };
		915C8D99E9E68DA706D3CD2C /* TicTacToeLobbyViewModel.swift in Sources */ = {isa = PBXBuildFile; fileRef = 521EF3309A3D5674C582DD45 /* TicTacToeLobbyViewModel.swift */; };
		9196F0B750CDB7407181A040 /* Bubble.swift in Sources */ = {isa = PBXBuildFile; fileRef = 4E1E69EAA287614F11C1301D /* Bubble.swift */; };
		98D6184753312E5FB46DA2F7 /* CheckersMultiplayerView.swift in Sources */ = {isa = PBXBuildFile; fileRef = 9BE07A32295F1B3F9E93F266 /* CheckersMultiplayerView.swift */; };
		9A4640562CEFBD6D606D3AF2 /* SupabaseService.swift in Sources */ = {isa = PBXBuildFile; fileRef = 6EF55AD09FE2C8893FD20E0F /* SupabaseService.swift */; };
		AA49D8EB56760C8A4C13F0A8 /* AuthViewModel.swift in Sources */ = {isa = PBXBuildFile; fileRef = 0419C60B1DFD94390D696249 /* AuthViewModel.swift */; };
		B6B868E3A6268DDF0FDF2B89 /* Connect4BoardView.swift in Sources */ = {isa = PBXBuildFile; fileRef = EBF9541F6E5EF8839F4789FD /* Connect4BoardView.swift */; };
		B83AEB38C83A84CD2F61834D /* TicTacToeMultiplayerViewModel.swift in Sources */ = {isa = PBXBuildFile; fileRef = 565E1119C49041E58756F5A8 /* TicTacToeMultiplayerViewModel.swift */; };
		BE61B1D197B48E9565993B26 /* CheckersService.swift in Sources */ = {isa = PBXBuildFile; fileRef = DD46E91CA253800777EF3F62 /* CheckersService.swift */; };
		C2D3B8F7CFCEB8B8D6ACFA66 /* Animal.swift in Sources */ = {isa = PBXBuildFile; fileRef = 14E818D1281F8A8BE12CA3E7 /* Animal.swift */; };
		CA2429AAD231E1C5DE10CD20 /* FindAnimalViewModel.swift in Sources */ = {isa = PBXBuildFile; fileRef = 4BA90B2C1602A2163392DE27 /* FindAnimalViewModel.swift */; };
		CC88BC327415DE3EF5DB14FC /* WinCelebrationView.swift in Sources */ = {isa = PBXBuildFile; fileRef = 25F43B50A9985534DBE45C77 /* WinCelebrationView.swift */; };
		D923BDF1909D7670A56845AB /* Theme.swift in Sources */ = {isa = PBXBuildFile; fileRef = 4BA57BBC10792C50D531486C /* Theme.swift */; };
		DE5A62E00A3EB2E6752F6730 /* Connect4MultiplayerViewModel.swift in Sources */ = {isa = PBXBuildFile; fileRef = 745368020E31552493A06E1F /* Connect4MultiplayerViewModel.swift */; };
		DF066970D61D51E896A62AEB /* Assets.xcassets in Resources */ = {isa = PBXBuildFile; fileRef = 9BE3D3BB84BB4C705E8DF9A0 /* Assets.xcassets */; };
		E2885C0ECAB5ED449D8E5281 /* FarmMatchCard.swift in Sources */ = {isa = PBXBuildFile; fileRef = CB718305B568FAEE282AB0E7 /* FarmMatchCard.swift */; };
		E38633E695F935C47E4E46CE /* BubblePopGameView.swift in Sources */ = {isa = PBXBuildFile; fileRef = 76D3B6C9AA276D19F120CCB2 /* BubblePopGameView.swift */; };
		E51AB72FC69148505F3BB36B /* GameHubApp.swift in Sources */ = {isa = PBXBuildFile; fileRef = AF7CCB63137D85CF4F79B392 /* GameHubApp.swift */; };
		EB655441C7BDD3F2C13BD575 /* CheckersLobbyView.swift in Sources */ = {isa = PBXBuildFile; fileRef = 61F9FE6894349EC9F8EF3D60 /* CheckersLobbyView.swift */; };
		F07ED02F8B67C90ABF692D01 /* TicTacToe.swift in Sources */ = {isa = PBXBuildFile; fileRef = 775D4F31249F3835F4DC2EEB /* TicTacToe.swift */; };
		F16DFAB93AEFC425DF2518AD /* CategorySelectorView.swift in Sources */ = {isa = PBXBuildFile; fileRef = 45DDDB244146AD7F0D5D0CA6 /* CategorySelectorView.swift */; };
		F25F7847BC77CA7F3C3D997A /* ShapeSorterViewModel.swift in Sources */ = {isa = PBXBuildFile; fileRef = C3F579CB256FD6E898F856E5 /* ShapeSorterViewModel.swift */; };
		F53A0C52D52FB1E1D7B382A4 /* FarmMatchViewModel.swift in Sources */ = {isa = PBXBuildFile; fileRef = FB7280976B493ED1EE62BE03 /* FarmMatchViewModel.swift */; };
		F8667BA5497D5092046BA574 /* BubblePopViewModel.swift in Sources */ = {isa = PBXBuildFile; fileRef = AAB105830571BF6724B3ACBE /* BubblePopViewModel.swift */; };
		F87E259153B561E84DE67657 /* TicTacToeMultiplayerView.swift in Sources */ = {isa = PBXBuildFile; fileRef = 7B552928D96668E8F75838AA /* TicTacToeMultiplayerView.swift */; };
		F9E255A88BC32D6CA1A19905 /* Connect4.swift in Sources */ = {isa = PBXBuildFile; fileRef = B4E27C8977778B67AECD35CD /* Connect4.swift */; };
		FB3F277F2B239D96C1A4CA71 /* CheckersMultiplayerViewModel.swift in Sources */ = {isa = PBXBuildFile; fileRef = 6712F9D062BA825550CD7814 /* CheckersMultiplayerViewModel.swift */; };
/* End PBXBuildFile section */

/* Begin PBXFileReference section */
		0419C60B1DFD94390D696249 /* AuthViewModel.swift */ = {isa = PBXFileReference; lastKnownFileType = sourcecode.swift; path = AuthViewModel.swift; sourceTree = "<group>"; };
		0BCFDEAE21376D89ABAF59A7 /* Checkers.swift */ = {isa = PBXFileReference; lastKnownFileType = sourcecode.swift; path = Checkers.swift; sourceTree = "<group>"; };
		129DDFF499BD60893C8AAEAA /* AnimalMatchGameView.swift */ = {isa = PBXFileReference; lastKnownFileType = sourcecode.swift; path = AnimalMatchGameView.swift; sourceTree = "<group>"; };
		145AC20EFDC9113A8A3BB3C6 /* Shape.swift */ = {isa = PBXFileReference; lastKnownFileType = sourcecode.swift; path = Shape.swift; sourceTree = "<group>"; };
		149254C6FB6B52D5B5F6E33C /* AnimalMatchViewModel.swift */ = {isa = PBXFileReference; lastKnownFileType = sourcecode.swift; path = AnimalMatchViewModel.swift; sourceTree = "<group>"; };
		14E818D1281F8A8BE12CA3E7 /* Animal.swift */ = {isa = PBXFileReference; lastKnownFileType = sourcecode.swift; path = Animal.swift; sourceTree = "<group>"; };
		173ECAB58CF8119DF51B308C /* HubView.swift */ = {isa = PBXFileReference; lastKnownFileType = sourcecode.swift; path = HubView.swift; sourceTree = "<group>"; };
		25F43B50A9985534DBE45C77 /* WinCelebrationView.swift */ = {isa = PBXFileReference; lastKnownFileType = sourcecode.swift; path = WinCelebrationView.swift; sourceTree = "<group>"; };
		3F5824F390D78D69CBC1E21F /* Connect4LobbyViewModel.swift */ = {isa = PBXFileReference; lastKnownFileType = sourcecode.swift; path = Connect4LobbyViewModel.swift; sourceTree = "<group>"; };
		40CEA4B6ECDA15F3FCF7B11F /* TicTacToeService.swift */ = {isa = PBXFileReference; lastKnownFileType = sourcecode.swift; path = TicTacToeService.swift; sourceTree = "<group>"; };
		45DDDB244146AD7F0D5D0CA6 /* CategorySelectorView.swift */ = {isa = PBXFileReference; lastKnownFileType = sourcecode.swift; path = CategorySelectorView.swift; sourceTree = "<group>"; };
		49DD527BCE738063BAB0A943 /* ShapeSorterView.swift */ = {isa = PBXFileReference; lastKnownFileType = sourcecode.swift; path = ShapeSorterView.swift; sourceTree = "<group>"; };
		4A8E49938F1B21892833A02F /* Connect4ComputerViewModel.swift */ = {isa = PBXFileReference; lastKnownFileType = sourcecode.swift; path = Connect4ComputerViewModel.swift; sourceTree = "<group>"; };
		4BA57BBC10792C50D531486C /* Theme.swift */ = {isa = PBXFileReference; lastKnownFileType = sourcecode.swift; path = Theme.swift; sourceTree = "<group>"; };
		4BA90B2C1602A2163392DE27 /* FindAnimalViewModel.swift */ = {isa = PBXFileReference; lastKnownFileType = sourcecode.swift; path = FindAnimalViewModel.swift; sourceTree = "<group>"; };
		4CE493ADEAEEFD0272439CB0 /* TicTacToeViewModel.swift */ = {isa = PBXFileReference; lastKnownFileType = sourcecode.swift; path = TicTacToeViewModel.swift; sourceTree = "<group>"; };
		4E1E69EAA287614F11C1301D /* Bubble.swift */ = {isa = PBXFileReference; lastKnownFileType = sourcecode.swift; path = Bubble.swift; sourceTree = "<group>"; };
		521EF3309A3D5674C582DD45 /* TicTacToeLobbyViewModel.swift */ = {isa = PBXFileReference; lastKnownFileType = sourcecode.swift; path = TicTacToeLobbyViewModel.swift; sourceTree = "<group>"; };
		565E1119C49041E58756F5A8 /* TicTacToeMultiplayerViewModel.swift */ = {isa = PBXFileReference; lastKnownFileType = sourcecode.swift; path = TicTacToeMultiplayerViewModel.swift; sourceTree = "<group>"; };
		61F9FE6894349EC9F8EF3D60 /* CheckersLobbyView.swift */ = {isa = PBXFileReference; lastKnownFileType = sourcecode.swift; path = CheckersLobbyView.swift; sourceTree = "<group>"; };
		666B0A46E8A10D034D96F4CF /* AuthService.swift */ = {isa = PBXFileReference; lastKnownFileType = sourcecode.swift; path = AuthService.swift; sourceTree = "<group>"; };
		6712F9D062BA825550CD7814 /* CheckersMultiplayerViewModel.swift */ = {isa = PBXFileReference; lastKnownFileType = sourcecode.swift; path = CheckersMultiplayerViewModel.swift; sourceTree = "<group>"; };
		6EF55AD09FE2C8893FD20E0F /* SupabaseService.swift */ = {isa = PBXFileReference; lastKnownFileType = sourcecode.swift; path = SupabaseService.swift; sourceTree = "<group>"; };
		745368020E31552493A06E1F /* Connect4MultiplayerViewModel.swift */ = {isa = PBXFileReference; lastKnownFileType = sourcecode.swift; path = Connect4MultiplayerViewModel.swift; sourceTree = "<group>"; };
		76D3B6C9AA276D19F120CCB2 /* BubblePopGameView.swift */ = {isa = PBXFileReference; lastKnownFileType = sourcecode.swift; path = BubblePopGameView.swift; sourceTree = "<group>"; };
		775D4F31249F3835F4DC2EEB /* TicTacToe.swift */ = {isa = PBXFileReference; lastKnownFileType = sourcecode.swift; path = TicTacToe.swift; sourceTree = "<group>"; };
		7B552928D96668E8F75838AA /* TicTacToeMultiplayerView.swift */ = {isa = PBXFileReference; lastKnownFileType = sourcecode.swift; path = TicTacToeMultiplayerView.swift; sourceTree = "<group>"; };
		839324AABB340C15F90E6815 /* Connect4MultiplayerView.swift */ = {isa = PBXFileReference; lastKnownFileType = sourcecode.swift; path = Connect4MultiplayerView.swift; sourceTree = "<group>"; };
		8BBB28FD7AB780FAC46D921B /* CheckersComputerViewModel.swift */ = {isa = PBXFileReference; lastKnownFileType = sourcecode.swift; path = CheckersComputerViewModel.swift; sourceTree = "<group>"; };
		9579FC2C9B861764BFD1770D /* CheckersComputerView.swift */ = {isa = PBXFileReference; lastKnownFileType = sourcecode.swift; path = CheckersComputerView.swift; sourceTree = "<group>"; };
		972003B35F04929545BFF153 /* FindAnimalView.swift */ = {isa = PBXFileReference; lastKnownFileType = sourcecode.swift; path = FindAnimalView.swift; sourceTree = "<group>"; };
		975B1E3267FF0C8DE60547F6 /* Connect4ComputerView.swift */ = {isa = PBXFileReference; lastKnownFileType = sourcecode.swift; path = Connect4ComputerView.swift; sourceTree = "<group>"; };
		9BE07A32295F1B3F9E93F266 /* CheckersMultiplayerView.swift */ = {isa = PBXFileReference; lastKnownFileType = sourcecode.swift; path = CheckersMultiplayerView.swift; sourceTree = "<group>"; };
		9BE3D3BB84BB4C705E8DF9A0 /* Assets.xcassets */ = {isa = PBXFileReference; lastKnownFileType = folder.assetcatalog; path = Assets.xcassets; sourceTree = "<group>"; };
		9D1A9FF125965496DB9F116A /* GameHub.app */ = {isa = PBXFileReference; includeInIndex = 0; lastKnownFileType = wrapper.application; path = GameHub.app; sourceTree = BUILT_PRODUCTS_DIR; };
		AAB105830571BF6724B3ACBE /* BubblePopViewModel.swift */ = {isa = PBXFileReference; lastKnownFileType = sourcecode.swift; path = BubblePopViewModel.swift; sourceTree = "<group>"; };
		AF7CCB63137D85CF4F79B392 /* GameHubApp.swift */ = {isa = PBXFileReference; lastKnownFileType = sourcecode.swift; path = GameHubApp.swift; sourceTree = "<group>"; };
		B4E27C8977778B67AECD35CD /* Connect4.swift */ = {isa = PBXFileReference; lastKnownFileType = sourcecode.swift; path = Connect4.swift; sourceTree = "<group>"; };
		B95DC1A3E0A5776B142CA1CB /* Connect4LobbyView.swift */ = {isa = PBXFileReference; lastKnownFileType = sourcecode.swift; path = Connect4LobbyView.swift; sourceTree = "<group>"; };
		C2C1BD85247F59583849A230 /* Connect4Service.swift */ = {isa = PBXFileReference; lastKnownFileType = sourcecode.swift; path = Connect4Service.swift; sourceTree = "<group>"; };
		C3F579CB256FD6E898F856E5 /* ShapeSorterViewModel.swift */ = {isa = PBXFileReference; lastKnownFileType = sourcecode.swift; path = ShapeSorterViewModel.swift; sourceTree = "<group>"; };
		CB718305B568FAEE282AB0E7 /* FarmMatchCard.swift */ = {isa = PBXFileReference; lastKnownFileType = sourcecode.swift; path = FarmMatchCard.swift; sourceTree = "<group>"; };
		CC99E64799DC903B47D84A95 /* FarmMatchView.swift */ = {isa = PBXFileReference; lastKnownFileType = sourcecode.swift; path = FarmMatchView.swift; sourceTree = "<group>"; };
		D49A400D4A957C63881BB108 /* CheckersLobbyViewModel.swift */ = {isa = PBXFileReference; lastKnownFileType = sourcecode.swift; path = CheckersLobbyViewModel.swift; sourceTree = "<group>"; };
		D5BFA7E628E745E269FD7F34 /* Config.swift */ = {isa = PBXFileReference; lastKnownFileType = sourcecode.swift; path = Config.swift; sourceTree = "<group>"; };
		DD46E91CA253800777EF3F62 /* CheckersService.swift */ = {isa = PBXFileReference; lastKnownFileType = sourcecode.swift; path = CheckersService.swift; sourceTree = "<group>"; };
		E1FFDECBA2F2C1DFB992AADF /* LoginView.swift */ = {isa = PBXFileReference; lastKnownFileType = sourcecode.swift; path = LoginView.swift; sourceTree = "<group>"; };
		E4304DEA1038DE01AB5A0CFD /* CheckersBoardView.swift */ = {isa = PBXFileReference; lastKnownFileType = sourcecode.swift; path = CheckersBoardView.swift; sourceTree = "<group>"; };
		E58A8115C9E9EDF9CEC9AFAB /* TicTacToeGameView.swift */ = {isa = PBXFileReference; lastKnownFileType = sourcecode.swift; path = TicTacToeGameView.swift; sourceTree = "<group>"; };
		EBF9541F6E5EF8839F4789FD /* Connect4BoardView.swift */ = {isa = PBXFileReference; lastKnownFileType = sourcecode.swift; path = Connect4BoardView.swift; sourceTree = "<group>"; };
		EF9ADAAEA21EF1F7ABA5000E /* Version.xcconfig */ = {isa = PBXFileReference; lastKnownFileType = text.xcconfig; path = Version.xcconfig; sourceTree = "<group>"; };
		FB7280976B493ED1EE62BE03 /* FarmMatchViewModel.swift */ = {isa = PBXFileReference; lastKnownFileType = sourcecode.swift; path = FarmMatchViewModel.swift; sourceTree = "<group>"; };
		FF042E1B6DF89911FBDD509E /* TicTacToeLobbyView.swift */ = {isa = PBXFileReference; lastKnownFileType = sourcecode.swift; path = TicTacToeLobbyView.swift; sourceTree = "<group>"; };
		FF878FDC837F2029B0466582 /* RootView.swift */ = {isa = PBXFileReference; lastKnownFileType = sourcecode.swift; path = RootView.swift; sourceTree = "<group>"; };
/* End PBXFileReference section */

/* Begin PBXFrameworksBuildPhase section */
		6D0944F98CFE093453E5DFF0 /* Frameworks */ = {
			isa = PBXFrameworksBuildPhase;
			buildActionMask = 2147483647;
			files = (
				103498E36AC529041F091068 /* Supabase in Frameworks */,
			);
			runOnlyForDeploymentPostprocessing = 0;
		};
/* End PBXFrameworksBuildPhase section */

/* Begin PBXGroup section */
		066F0A3022E65FA3897789EC /* Services */ = {
			isa = PBXGroup;
			children = (
				666B0A46E8A10D034D96F4CF /* AuthService.swift */,
				DD46E91CA253800777EF3F62 /* CheckersService.swift */,
				C2C1BD85247F59583849A230 /* Connect4Service.swift */,
				6EF55AD09FE2C8893FD20E0F /* SupabaseService.swift */,
				40CEA4B6ECDA15F3FCF7B11F /* TicTacToeService.swift */,
			);
			path = Services;
			sourceTree = "<group>";
		};
		1A7E60CFD95595BBCBB54FE6 /* App */ = {
			isa = PBXGroup;
			children = (
				AF7CCB63137D85CF4F79B392 /* GameHubApp.swift */,
				FF878FDC837F2029B0466582 /* RootView.swift */,
			);
			path = App;
			sourceTree = "<group>";
		};
		41D3F1E5E7EA57E907FD458C /* Hub */ = {
			isa = PBXGroup;
			children = (
				173ECAB58CF8119DF51B308C /* HubView.swift */,
			);
			path = Hub;
			sourceTree = "<group>";
		};
		4FA05AFF25940BD5C1D1FDDD /* Checkers */ = {
			isa = PBXGroup;
			children = (
				E4304DEA1038DE01AB5A0CFD /* CheckersBoardView.swift */,
				9579FC2C9B861764BFD1770D /* CheckersComputerView.swift */,
				61F9FE6894349EC9F8EF3D60 /* CheckersLobbyView.swift */,
				9BE07A32295F1B3F9E93F266 /* CheckersMultiplayerView.swift */,
			);
			path = Checkers;
			sourceTree = "<group>";
		};
		4FF3A79D1D53C15B61E969A1 /* GameHub */ = {
			isa = PBXGroup;
			children = (
				9BE3D3BB84BB4C705E8DF9A0 /* Assets.xcassets */,
				EF9ADAAEA21EF1F7ABA5000E /* Version.xcconfig */,
				1A7E60CFD95595BBCBB54FE6 /* App */,
				7F54F30EDF7B03D44FFB80C0 /* Config */,
				54A30DBC5F9BA560825EDCDC /* Models */,
				066F0A3022E65FA3897789EC /* Services */,
				DE734CCC0FEF62103AE45CD2 /* ViewModels */,
				BF1AFCF06903D333C50DD78B /* Views */,
			);
			path = GameHub;
			sourceTree = "<group>";
		};
		54A30DBC5F9BA560825EDCDC /* Models */ = {
			isa = PBXGroup;
			children = (
				14E818D1281F8A8BE12CA3E7 /* Animal.swift */,
				4E1E69EAA287614F11C1301D /* Bubble.swift */,
				0BCFDEAE21376D89ABAF59A7 /* Checkers.swift */,
				B4E27C8977778B67AECD35CD /* Connect4.swift */,
				CB718305B568FAEE282AB0E7 /* FarmMatchCard.swift */,
				145AC20EFDC9113A8A3BB3C6 /* Shape.swift */,
				775D4F31249F3835F4DC2EEB /* TicTacToe.swift */,
			);
			path = Models;
			sourceTree = "<group>";
		};
		66C985F3295FFFC3C577628F /* FarmMatch */ = {
			isa = PBXGroup;
			children = (
				CC99E64799DC903B47D84A95 /* FarmMatchView.swift */,
			);
			path = FarmMatch;
			sourceTree = "<group>";
		};
		67D4533DF5AC77A48BC991E1 /* Connect4 */ = {
			isa = PBXGroup;
			children = (
				EBF9541F6E5EF8839F4789FD /* Connect4BoardView.swift */,
				975B1E3267FF0C8DE60547F6 /* Connect4ComputerView.swift */,
				B95DC1A3E0A5776B142CA1CB /* Connect4LobbyView.swift */,
				839324AABB340C15F90E6815 /* Connect4MultiplayerView.swift */,
			);
			path = Connect4;
			sourceTree = "<group>";
		};
		7AF10A93E074A0EAE3618C95 = {
			isa = PBXGroup;
			children = (
				4FF3A79D1D53C15B61E969A1 /* GameHub */,
				98CEE9846290B8A3E5B38AED /* Products */,
			);
			sourceTree = "<group>";
		};
		7C592FB06E80912CB2FB801B /* Auth */ = {
			isa = PBXGroup;
			children = (
				E1FFDECBA2F2C1DFB992AADF /* LoginView.swift */,
			);
			path = Auth;
			sourceTree = "<group>";
		};
		7F54F30EDF7B03D44FFB80C0 /* Config */ = {
			isa = PBXGroup;
			children = (
				D5BFA7E628E745E269FD7F34 /* Config.swift */,
				4BA57BBC10792C50D531486C /* Theme.swift */,
			);
			path = Config;
			sourceTree = "<group>";
		};
		83905C1D00FE803866787BB9 /* BubblePop */ = {
			isa = PBXGroup;
			children = (
				76D3B6C9AA276D19F120CCB2 /* BubblePopGameView.swift */,
			);
			path = BubblePop;
			sourceTree = "<group>";
		};
		98CEE9846290B8A3E5B38AED /* Products */ = {
			isa = PBXGroup;
			children = (
				9D1A9FF125965496DB9F116A /* GameHub.app */,
			);
			name = Products;
			sourceTree = "<group>";
		};
		BA2465356B39B954F00C200B /* FindAnimal */ = {
			isa = PBXGroup;
			children = (
				972003B35F04929545BFF153 /* FindAnimalView.swift */,
			);
			path = FindAnimal;
			sourceTree = "<group>";
		};
		BF1AFCF06903D333C50DD78B /* Views */ = {
			isa = PBXGroup;
			children = (
				E7271E6D6C769F1F24F991BF /* AnimalMatch */,
				7C592FB06E80912CB2FB801B /* Auth */,
				83905C1D00FE803866787BB9 /* BubblePop */,
				4FA05AFF25940BD5C1D1FDDD /* Checkers */,
				67D4533DF5AC77A48BC991E1 /* Connect4 */,
				66C985F3295FFFC3C577628F /* FarmMatch */,
				BA2465356B39B954F00C200B /* FindAnimal */,
				41D3F1E5E7EA57E907FD458C /* Hub */,
				F8A9426F8AF9D725873CE468 /* ShapeSorter */,
				F79CBAFF99EF7B4ADB7221AC /* TicTacToe */,
			);
			path = Views;
			sourceTree = "<group>";
		};
		DE734CCC0FEF62103AE45CD2 /* ViewModels */ = {
			isa = PBXGroup;
			children = (
				149254C6FB6B52D5B5F6E33C /* AnimalMatchViewModel.swift */,
				0419C60B1DFD94390D696249 /* AuthViewModel.swift */,
				AAB105830571BF6724B3ACBE /* BubblePopViewModel.swift */,
				8BBB28FD7AB780FAC46D921B /* CheckersComputerViewModel.swift */,
				D49A400D4A957C63881BB108 /* CheckersLobbyViewModel.swift */,
				6712F9D062BA825550CD7814 /* CheckersMultiplayerViewModel.swift */,
				4A8E49938F1B21892833A02F /* Connect4ComputerViewModel.swift */,
				3F5824F390D78D69CBC1E21F /* Connect4LobbyViewModel.swift */,
				745368020E31552493A06E1F /* Connect4MultiplayerViewModel.swift */,
				FB7280976B493ED1EE62BE03 /* FarmMatchViewModel.swift */,
				4BA90B2C1602A2163392DE27 /* FindAnimalViewModel.swift */,
				C3F579CB256FD6E898F856E5 /* ShapeSorterViewModel.swift */,
				521EF3309A3D5674C582DD45 /* TicTacToeLobbyViewModel.swift */,
				565E1119C49041E58756F5A8 /* TicTacToeMultiplayerViewModel.swift */,
				4CE493ADEAEEFD0272439CB0 /* TicTacToeViewModel.swift */,
			);
			path = ViewModels;
			sourceTree = "<group>";
		};
		E7271E6D6C769F1F24F991BF /* AnimalMatch */ = {
			isa = PBXGroup;
			children = (
				129DDFF499BD60893C8AAEAA /* AnimalMatchGameView.swift */,
				45DDDB244146AD7F0D5D0CA6 /* CategorySelectorView.swift */,
				25F43B50A9985534DBE45C77 /* WinCelebrationView.swift */,
			);
			path = AnimalMatch;
			sourceTree = "<group>";
		};
		F79CBAFF99EF7B4ADB7221AC /* TicTacToe */ = {
			isa = PBXGroup;
			children = (
				E58A8115C9E9EDF9CEC9AFAB /* TicTacToeGameView.swift */,
				FF042E1B6DF89911FBDD509E /* TicTacToeLobbyView.swift */,
				7B552928D96668E8F75838AA /* TicTacToeMultiplayerView.swift */,
			);
			path = TicTacToe;
			sourceTree = "<group>";
		};
		F8A9426F8AF9D725873CE468 /* ShapeSorter */ = {
			isa = PBXGroup;
			children = (
				49DD527BCE738063BAB0A943 /* ShapeSorterView.swift */,
			);
			path = ShapeSorter;
			sourceTree = "<group>";
		};
/* End PBXGroup section */

/* Begin PBXNativeTarget section */
		3CCBB788491A651673D6BE54 /* GameHub */ = {
			isa = PBXNativeTarget;
			buildConfigurationList = BF46BE2A406B1D4F85AE6D6C /* Build configuration list for PBXNativeTarget "GameHub" */;
			buildPhases = (
				0C02A4A3ECCCD08B40763A85 /* Sources */,
				AE090D7076A63E5470633283 /* Resources */,
				6D0944F98CFE093453E5DFF0 /* Frameworks */,
			);
			buildRules = (
			);
			dependencies = (
			);
			name = GameHub;
			packageProductDependencies = (
				A386C8400F2FB48B7FC92991 /* Supabase */,
			);
			productName = GameHub;
			productReference = 9D1A9FF125965496DB9F116A /* GameHub.app */;
			productType = "com.apple.product-type.application";
		};
/* End PBXNativeTarget section */

/* Begin PBXProject section */
		B0658F412F008352D337BC13 /* Project object */ = {
			isa = PBXProject;
			attributes = {
				BuildIndependentTargetsInParallel = YES;
				LastUpgradeCheck = 1600;
				TargetAttributes = {
					3CCBB788491A651673D6BE54 = {
						DevelopmentTeam = W43WMJZ7NN;
						ProvisioningStyle = Automatic;
					};
				};
			};
			buildConfigurationList = CD820BF09440AA7C699A20D9 /* Build configuration list for PBXProject "GameHub" */;
			developmentRegion = en;
			hasScannedForEncodings = 0;
			knownRegions = (
				Base,
				en,
			);
			mainGroup = 7AF10A93E074A0EAE3618C95;
			minimizedProjectReferenceProxies = 1;
			packageReferences = (
				928808CDAB35244DF50261B4 /* XCRemoteSwiftPackageReference "supabase-swift" */,
			);
			preferredProjectObjectVersion = 77;
			productRefGroup = 98CEE9846290B8A3E5B38AED /* Products */;
			projectDirPath = "";
			projectRoot = "";
			targets = (
				3CCBB788491A651673D6BE54 /* GameHub */,
			);
		};
/* End PBXProject section */

/* Begin PBXResourcesBuildPhase section */
		AE090D7076A63E5470633283 /* Resources */ = {
			isa = PBXResourcesBuildPhase;
			buildActionMask = 2147483647;
			files = (
				DF066970D61D51E896A62AEB /* Assets.xcassets in Resources */,
			);
			runOnlyForDeploymentPostprocessing = 0;
		};
/* End PBXResourcesBuildPhase section */

/* Begin PBXSourcesBuildPhase section */
		0C02A4A3ECCCD08B40763A85 /* Sources */ = {
			isa = PBXSourcesBuildPhase;
			buildActionMask = 2147483647;
			files = (
				C2D3B8F7CFCEB8B8D6ACFA66 /* Animal.swift in Sources */,
				8207F1D604DE7B0B8E7B876C /* AnimalMatchGameView.swift in Sources */,
				104AC698D76E8B6ADDEEC008 /* AnimalMatchViewModel.swift in Sources */,
				3668C34D490ACFFE8CC60B5D /* AuthService.swift in Sources */,
				AA49D8EB56760C8A4C13F0A8 /* AuthViewModel.swift in Sources */,
				9196F0B750CDB7407181A040 /* Bubble.swift in Sources */,
				E38633E695F935C47E4E46CE /* BubblePopGameView.swift in Sources */,
				F8667BA5497D5092046BA574 /* BubblePopViewModel.swift in Sources */,
				F16DFAB93AEFC425DF2518AD /* CategorySelectorView.swift in Sources */,
				2106E4FE5E8E0C7768B63224 /* Checkers.swift in Sources */,
				1A047714564865EAFB53701D /* CheckersBoardView.swift in Sources */,
				347AE535831517C53FA5E326 /* CheckersComputerView.swift in Sources */,
				708194FD75AA0687078CB1F7 /* CheckersComputerViewModel.swift in Sources */,
				EB655441C7BDD3F2C13BD575 /* CheckersLobbyView.swift in Sources */,
				6ABCBD7CD1F638DC68C608DA /* CheckersLobbyViewModel.swift in Sources */,
				98D6184753312E5FB46DA2F7 /* CheckersMultiplayerView.swift in Sources */,
				FB3F277F2B239D96C1A4CA71 /* CheckersMultiplayerViewModel.swift in Sources */,
				BE61B1D197B48E9565993B26 /* CheckersService.swift in Sources */,
				498561571A6FEEDFE7BE9B42 /* Config.swift in Sources */,
				F9E255A88BC32D6CA1A19905 /* Connect4.swift in Sources */,
				B6B868E3A6268DDF0FDF2B89 /* Connect4BoardView.swift in Sources */,
				6C4A64C47909AB78205F9B37 /* Connect4ComputerView.swift in Sources */,
				741577629B93C068C1BB9CEA /* Connect4ComputerViewModel.swift in Sources */,
				7CBE602A5975B47B84530F6B /* Connect4LobbyView.swift in Sources */,
				4A3F0CBAC0DDF8D41486931E /* Connect4LobbyViewModel.swift in Sources */,
				867619FF51A935F8D1FE91BB /* Connect4MultiplayerView.swift in Sources */,
				DE5A62E00A3EB2E6752F6730 /* Connect4MultiplayerViewModel.swift in Sources */,
				05C3104444EC6585CDB683ED /* Connect4Service.swift in Sources */,
				E2885C0ECAB5ED449D8E5281 /* FarmMatchCard.swift in Sources */,
				18F2E2F5716A4F892FAD1A2F /* FarmMatchView.swift in Sources */,
				F53A0C52D52FB1E1D7B382A4 /* FarmMatchViewModel.swift in Sources */,
				476C80AF8366912D8D365571 /* FindAnimalView.swift in Sources */,
				CA2429AAD231E1C5DE10CD20 /* FindAnimalViewModel.swift in Sources */,
				E51AB72FC69148505F3BB36B /* GameHubApp.swift in Sources */,
				3E504E33E17A230C646B673B /* HubView.swift in Sources */,
				2B932206016FE586993F2157 /* LoginView.swift in Sources */,
				324DBBD422A15ABF37299177 /* RootView.swift in Sources */,
				0290ACFF4BF88A0251858669 /* Shape.swift in Sources */,
				512EC7F1D57352EEB773186A /* ShapeSorterView.swift in Sources */,
				F25F7847BC77CA7F3C3D997A /* ShapeSorterViewModel.swift in Sources */,
				9A4640562CEFBD6D606D3AF2 /* SupabaseService.swift in Sources */,
				D923BDF1909D7670A56845AB /* Theme.swift in Sources */,
				F07ED02F8B67C90ABF692D01 /* TicTacToe.swift in Sources */,
				59299BA21D0D704F49BE32CB /* TicTacToeGameView.swift in Sources */,
				1C1172357D3943E27CE25B57 /* TicTacToeLobbyView.swift in Sources */,
				915C8D99E9E68DA706D3CD2C /* TicTacToeLobbyViewModel.swift in Sources */,
				F87E259153B561E84DE67657 /* TicTacToeMultiplayerView.swift in Sources */,
				B83AEB38C83A84CD2F61834D /* TicTacToeMultiplayerViewModel.swift in Sources */,
				4D6028E57165554AC1107444 /* TicTacToeService.swift in Sources */,
				23896DDF1A5959C226F196FD /* TicTacToeViewModel.swift in Sources */,
				CC88BC327415DE3EF5DB14FC /* WinCelebrationView.swift in Sources */,
			);
			runOnlyForDeploymentPostprocessing = 0;
		};
/* End PBXSourcesBuildPhase section */

/* Begin XCBuildConfiguration section */
		869BAC59124889F7CCD8DF66 /* Release */ = {
			isa = XCBuildConfiguration;
			buildSettings = {
				ALWAYS_SEARCH_USER_PATHS = NO;
				CLANG_ANALYZER_NONNULL = YES;
				CLANG_ANALYZER_NUMBER_OBJECT_CONVERSION = YES_AGGRESSIVE;
				CLANG_CXX_LANGUAGE_STANDARD = "gnu++14";
				CLANG_CXX_LIBRARY = "libc++";
				CLANG_ENABLE_MODULES = YES;
				CLANG_ENABLE_OBJC_ARC = YES;
				CLANG_ENABLE_OBJC_WEAK = YES;
				CLANG_WARN_BLOCK_CAPTURE_AUTORELEASING = YES;
				CLANG_WARN_BOOL_CONVERSION = YES;
				CLANG_WARN_COMMA = YES;
				CLANG_WARN_CONSTANT_CONVERSION = YES;
				CLANG_WARN_DEPRECATED_OBJC_IMPLEMENTATIONS = YES;
				CLANG_WARN_DIRECT_OBJC_ISA_USAGE = YES_ERROR;
				CLANG_WARN_DOCUMENTATION_COMMENTS = YES;
				CLANG_WARN_EMPTY_BODY = YES;
				CLANG_WARN_ENUM_CONVERSION = YES;
				CLANG_WARN_INFINITE_RECURSION = YES;
				CLANG_WARN_INT_CONVERSION = YES;
				CLANG_WARN_NON_LITERAL_NULL_CONVERSION = YES;
				CLANG_WARN_OBJC_IMPLICIT_RETAIN_SELF = YES;
				CLANG_WARN_OBJC_LITERAL_CONVERSION = YES;
				CLANG_WARN_OBJC_ROOT_CLASS = YES_ERROR;
				CLANG_WARN_QUOTED_INCLUDE_IN_FRAMEWORK_HEADER = YES;
				CLANG_WARN_RANGE_LOOP_ANALYSIS = YES;
				CLANG_WARN_STRICT_PROTOTYPES = YES;
				CLANG_WARN_SUSPICIOUS_MOVE = YES;
				CLANG_WARN_UNGUARDED_AVAILABILITY = YES_AGGRESSIVE;
				CLANG_WARN_UNREACHABLE_CODE = YES;
				CLANG_WARN__DUPLICATE_METHOD_MATCH = YES;
				COPY_PHASE_STRIP = NO;
				DEBUG_INFORMATION_FORMAT = "dwarf-with-dsym";
				ENABLE_NS_ASSERTIONS = NO;
				ENABLE_STRICT_OBJC_MSGSEND = YES;
				GCC_C_LANGUAGE_STANDARD = gnu11;
				GCC_NO_COMMON_BLOCKS = YES;
				GCC_WARN_64_TO_32_BIT_CONVERSION = YES;
				GCC_WARN_ABOUT_RETURN_TYPE = YES_ERROR;
				GCC_WARN_UNDECLARED_SELECTOR = YES;
				GCC_WARN_UNINITIALIZED_AUTOS = YES_AGGRESSIVE;
				GCC_WARN_UNUSED_FUNCTION = YES;
				GCC_WARN_UNUSED_VARIABLE = YES;
				IPHONEOS_DEPLOYMENT_TARGET = 18.0;
				MTL_ENABLE_DEBUG_INFO = NO;
				MTL_FAST_MATH = YES;
				PRODUCT_NAME = "$(TARGET_NAME)";
				SDKROOT = iphoneos;
				SWIFT_COMPILATION_MODE = wholemodule;
				SWIFT_OPTIMIZATION_LEVEL = "-O";
				SWIFT_VERSION = 5.0;
			};
			name = Release;
		};
		A3D9A5AF0A023CEF88336F1D /* Debug */ = {
			isa = XCBuildConfiguration;
			buildSettings = {
				ALWAYS_SEARCH_USER_PATHS = NO;
				CLANG_ANALYZER_NONNULL = YES;
				CLANG_ANALYZER_NUMBER_OBJECT_CONVERSION = YES_AGGRESSIVE;
				CLANG_CXX_LANGUAGE_STANDARD = "gnu++14";
				CLANG_CXX_LIBRARY = "libc++";
				CLANG_ENABLE_MODULES = YES;
				CLANG_ENABLE_OBJC_ARC = YES;
				CLANG_ENABLE_OBJC_WEAK = YES;
				CLANG_WARN_BLOCK_CAPTURE_AUTORELEASING = YES;
				CLANG_WARN_BOOL_CONVERSION = YES;
				CLANG_WARN_COMMA = YES;
				CLANG_WARN_CONSTANT_CONVERSION = YES;
				CLANG_WARN_DEPRECATED_OBJC_IMPLEMENTATIONS = YES;
				CLANG_WARN_DIRECT_OBJC_ISA_USAGE = YES_ERROR;
				CLANG_WARN_DOCUMENTATION_COMMENTS = YES;
				CLANG_WARN_EMPTY_BODY = YES;
				CLANG_WARN_ENUM_CONVERSION = YES;
				CLANG_WARN_INFINITE_RECURSION = YES;
				CLANG_WARN_INT_CONVERSION = YES;
				CLANG_WARN_NON_LITERAL_NULL_CONVERSION = YES;
				CLANG_WARN_OBJC_IMPLICIT_RETAIN_SELF = YES;
				CLANG_WARN_OBJC_LITERAL_CONVERSION = YES;
				CLANG_WARN_OBJC_ROOT_CLASS = YES_ERROR;
				CLANG_WARN_QUOTED_INCLUDE_IN_FRAMEWORK_HEADER = YES;
				CLANG_WARN_RANGE_LOOP_ANALYSIS = YES;
				CLANG_WARN_STRICT_PROTOTYPES = YES;
				CLANG_WARN_SUSPICIOUS_MOVE = YES;
				CLANG_WARN_UNGUARDED_AVAILABILITY = YES_AGGRESSIVE;
				CLANG_WARN_UNREACHABLE_CODE = YES;
				CLANG_WARN__DUPLICATE_METHOD_MATCH = YES;
				COPY_PHASE_STRIP = NO;
				DEBUG_INFORMATION_FORMAT = dwarf;
				ENABLE_STRICT_OBJC_MSGSEND = YES;
				ENABLE_TESTABILITY = YES;
				GCC_C_LANGUAGE_STANDARD = gnu11;
				GCC_DYNAMIC_NO_PIC = NO;
				GCC_NO_COMMON_BLOCKS = YES;
				GCC_OPTIMIZATION_LEVEL = 0;
				GCC_PREPROCESSOR_DEFINITIONS = (
					"$(inherited)",
					"DEBUG=1",
				);
				GCC_WARN_64_TO_32_BIT_CONVERSION = YES;
				GCC_WARN_ABOUT_RETURN_TYPE = YES_ERROR;
				GCC_WARN_UNDECLARED_SELECTOR = YES;
				GCC_WARN_UNINITIALIZED_AUTOS = YES_AGGRESSIVE;
				GCC_WARN_UNUSED_FUNCTION = YES;
				GCC_WARN_UNUSED_VARIABLE = YES;
				IPHONEOS_DEPLOYMENT_TARGET = 18.0;
				MTL_ENABLE_DEBUG_INFO = INCLUDE_SOURCE;
				MTL_FAST_MATH = YES;
				ONLY_ACTIVE_ARCH = YES;
				PRODUCT_NAME = "$(TARGET_NAME)";
				SDKROOT = iphoneos;
				SWIFT_ACTIVE_COMPILATION_CONDITIONS = DEBUG;
				SWIFT_OPTIMIZATION_LEVEL = "-Onone";
				SWIFT_VERSION = 5.0;
			};
			name = Debug;
		};
		D9940F90297327638BB04804 /* Release */ = {
			isa = XCBuildConfiguration;
			baseConfigurationReference = EF9ADAAEA21EF1F7ABA5000E /* Version.xcconfig */;
			buildSettings = {
				ASSETCATALOG_COMPILER_APPICON_NAME = AppIcon;
				ASSETCATALOG_COMPILER_GLOBAL_ACCENT_COLOR_NAME = AccentColor;
				CODE_SIGN_IDENTITY = "iPhone Developer";
				CODE_SIGN_STYLE = Automatic;
				DEVELOPMENT_TEAM = W43WMJZ7NN;
				GENERATE_INFOPLIST_FILE = YES;
				INFOPLIST_KEY_CFBundleURLSchemes = gamehub;
				INFOPLIST_KEY_ITSAppUsesNonExemptEncryption = NO;
				INFOPLIST_KEY_LSApplicationCategoryType = "public.app-category.games";
				INFOPLIST_KEY_UIApplicationSceneManifest_Generation = YES;
				INFOPLIST_KEY_UIApplicationSupportsIndirectInputEvents = YES;
				INFOPLIST_KEY_UILaunchScreen_Generation = YES;
				INFOPLIST_KEY_UISupportedInterfaceOrientations_iPad = "UIInterfaceOrientationPortrait UIInterfaceOrientationPortraitUpsideDown UIInterfaceOrientationLandscapeLeft UIInterfaceOrientationLandscapeRight";
				INFOPLIST_KEY_UISupportedInterfaceOrientations_iPhone = UIInterfaceOrientationPortrait;
				LD_RUNPATH_SEARCH_PATHS = (
					"$(inherited)",
					"@executable_path/Frameworks",
				);
				PRODUCT_BUNDLE_IDENTIFIER = com.sourcelogic.gamehub;
				SDKROOT = iphoneos;
				SWIFT_STRICT_CONCURRENCY = minimal;
				SWIFT_VERSION = 6.0;
				TARGETED_DEVICE_FAMILY = "1,2";
			};
			name = Release;
		};
		E23C9F7C1ABBB06E237D858A /* Debug */ = {
			isa = XCBuildConfiguration;
			baseConfigurationReference = EF9ADAAEA21EF1F7ABA5000E /* Version.xcconfig */;
			buildSettings = {
				ASSETCATALOG_COMPILER_APPICON_NAME = AppIcon;
				ASSETCATALOG_COMPILER_GLOBAL_ACCENT_COLOR_NAME = AccentColor;
				CODE_SIGN_IDENTITY = "iPhone Developer";
				CODE_SIGN_STYLE = Automatic;
				DEVELOPMENT_TEAM = W43WMJZ7NN;
				GENERATE_INFOPLIST_FILE = YES;
				INFOPLIST_KEY_CFBundleURLSchemes = gamehub;
				INFOPLIST_KEY_ITSAppUsesNonExemptEncryption = NO;
				INFOPLIST_KEY_LSApplicationCategoryType = "public.app-category.games";
				INFOPLIST_KEY_UIApplicationSceneManifest_Generation = YES;
				INFOPLIST_KEY_UIApplicationSupportsIndirectInputEvents = YES;
				INFOPLIST_KEY_UILaunchScreen_Generation = YES;
				INFOPLIST_KEY_UISupportedInterfaceOrientations_iPad = "UIInterfaceOrientationPortrait UIInterfaceOrientationPortraitUpsideDown UIInterfaceOrientationLandscapeLeft UIInterfaceOrientationLandscapeRight";
				INFOPLIST_KEY_UISupportedInterfaceOrientations_iPhone = UIInterfaceOrientationPortrait;
				LD_RUNPATH_SEARCH_PATHS = (
					"$(inherited)",
					"@executable_path/Frameworks",
				);
				PRODUCT_BUNDLE_IDENTIFIER = com.sourcelogic.gamehub;
				SDKROOT = iphoneos;
				SWIFT_STRICT_CONCURRENCY = minimal;
				SWIFT_VERSION = 6.0;
				TARGETED_DEVICE_FAMILY = "1,2";
			};
			name = Debug;
		};
/* End XCBuildConfiguration section */

/* Begin XCConfigurationList section */
		BF46BE2A406B1D4F85AE6D6C /* Build configuration list for PBXNativeTarget "GameHub" */ = {
			isa = XCConfigurationList;
			buildConfigurations = (
				E23C9F7C1ABBB06E237D858A /* Debug */,
				D9940F90297327638BB04804 /* Release */,
			);
			defaultConfigurationIsVisible = 0;
			defaultConfigurationName = Debug;
		};
		CD820BF09440AA7C699A20D9 /* Build configuration list for PBXProject "GameHub" */ = {
			isa = XCConfigurationList;
			buildConfigurations = (
				A3D9A5AF0A023CEF88336F1D /* Debug */,
				869BAC59124889F7CCD8DF66 /* Release */,
			);
			defaultConfigurationIsVisible = 0;
			defaultConfigurationName = Debug;
		};
/* End XCConfigurationList section */

/* Begin XCRemoteSwiftPackageReference section */
		928808CDAB35244DF50261B4 /* XCRemoteSwiftPackageReference "supabase-swift" */ = {
			isa = XCRemoteSwiftPackageReference;
			repositoryURL = "https://github.com/supabase/supabase-swift";
			requirement = {
				kind = upToNextMajorVersion;
				minimumVersion = 2.0.0;
			};
		};
/* End XCRemoteSwiftPackageReference section */

/* Begin XCSwiftPackageProductDependency section */
		A386C8400F2FB48B7FC92991 /* Supabase */ = {
			isa = XCSwiftPackageProductDependency;
			package = 928808CDAB35244DF50261B4 /* XCRemoteSwiftPackageReference "supabase-swift" */;
			productName = Supabase;
		};
/* End XCSwiftPackageProductDependency section */
	};
	rootObject = B0658F412F008352D337BC13 /* Project object */;
}
